
Microsoft Visual Studio Solution File, Format Version 12.00
# Visual Studio 2012
Project("{FAE04EC0-301F-11D3-BF4B-00C04F79EFBC}") = "RepositorySplitter", "RepositorySplitter\RepositorySplitter.csproj", "{836A17E1-9BAA-4130-9BA3-069FE06B1FEE}"
EndProject
Global
	GlobalSection(SolutionConfigurationPlatforms) = preSolution
		Debug|Any CPU = Debug|Any CPU
		Release|Any CPU = Release|Any CPU
	EndGlobalSection
	GlobalSection(ProjectConfigurationPlatforms) = postSolution
		{836A17E1-9BAA-4130-9BA3-069FE06B1FEE}.Debug|Any CPU.ActiveCfg = Debug|Any CPU
		{836A17E1-9BAA-4130-9BA3-069FE06B1FEE}.Debug|Any CPU.Build.0 = Debug|Any CPU
		{836A17E1-9BAA-4130-9BA3-069FE06B1FEE}.Release|Any CPU.ActiveCfg = Release|Any CPU
		{836A17E1-9BAA-4130-9BA3-069FE06B1FEE}.Release|Any CPU.Build.0 = Release|Any CPU
	EndGlobalSection
	GlobalSection(SolutionProperties) = preSolution
		HideSolutionNode = FALSE
	EndGlobalSection
EndGlobal
